github.com/tazhibayda/Golang v0.0.0-20230201173856-a42bb3eb022b h1:DorCcdSn9lnu4dAPIZiQmGugYYFxDlHWb+gQzN7eHrU=
github.com/tazhibayda/Golang v0.0.0-20230201173856-a42bb3eb022b/go.mod h1:084mO3tMfvDdyaFFxg2DPyaMRA4ASQ1JNF78clyrFvQ=
github.com/tazhibayda/Golang v1.0.0 h1:uTSbwBkTiKzZvPmek46LYIqIGYmcc3JUr/iqvBNo72w=
github.com/tazhibayda/Golang v1.0.0/go.mod h1:084mO3tMfvDdyaFFxg2DPyaMRA4ASQ1JNF78clyrFvQ=
